// !$*UTF8*$!
{
	archiveVersion = 1;
	classes = {
	};
	objectVersion = 48;
	objects = {

/* Begin PBXBuildFile section */
		932754181F975270004B62BC /* AppDelegate.swift in Sources */ = {isa = PBXBuildFile; fileRef = 932754171F975270004B62BC /* AppDelegate.swift */; };
		9327541A1F975270004B62BC /* ViewController.swift in Sources */ = {isa = PBXBuildFile; fileRef = 932754191F975270004B62BC /* ViewController.swift */; };
		9327541D1F975270004B62BC /* Main.storyboard in Resources */ = {isa = PBXBuildFile; fileRef = 9327541B1F975270004B62BC /* Main.storyboard */; };
		9327541F1F975270004B62BC /* Assets.xcassets in Resources */ = {isa = PBXBuildFile; fileRef = 9327541E1F975270004B62BC /* Assets.xcassets */; };
		932754221F975270004B62BC /* LaunchScreen.storyboard in Resources */ = {isa = PBXBuildFile; fileRef = 932754201F975270004B62BC /* LaunchScreen.storyboard */; };
		9327542D1F975271004B62BC /* FluxOnSwiftTests.swift in Sources */ = {isa = PBXBuildFile; fileRef = 9327542C1F975271004B62BC /* FluxOnSwiftTests.swift */; };
/* End PBXBuildFile section */

/* Begin PBXContainerItemProxy section */
		932754291F975271004B62BC /* PBXContainerItemProxy */ = {
			isa = PBXContainerItemProxy;
			containerPortal = 9327540C1F975270004B62BC /* Project object */;
			proxyType = 1;
			remoteGlobalIDString = 932754131F975270004B62BC;
			remoteInfo = FluxOnSwift;
		};
/* End PBXContainerItemProxy section */

/* Begin PBXFileReference section */
		932754141F975270004B62BC /* FluxOnSwift.app */ = {isa = PBXFileReference; explicitFileType = wrapper.application; includeInIndex = 0; path = FluxOnSwift.app; sourceTree = BUILT_PRODUCTS_DIR; };
		932754171F975270004B62BC /* AppDelegate.swift */ = {isa = PBXFileReference; lastKnownFileType = sourcecode.swift; path = AppDelegate.swift; sourceTree = "<group>"; };
		932754191F975270004B62BC /* ViewController.swift */ = {isa = PBXFileReference; lastKnownFileType = sourcecode.swift; path = ViewController.swift; sourceTree = "<group>"; };
		9327541C1F975270004B62BC /* Base */ = {isa = PBXFileReference; lastKnownFileType = file.storyboard; name = Base; path = Base.lproj/Main.storyboard; sourceTree = "<group>"; };
		9327541E1F975270004B62BC /* Assets.xcassets */ = {isa = PBXFileReference; lastKnownFileType = folder.assetcatalog; path = Assets.xcassets; sourceTree = "<group>"; };
		932754211F975270004B62BC /* Base */ = {isa = PBXFileReference; lastKnownFileType = file.storyboard; name = Base; path = Base.lproj/LaunchScreen.storyboard; sourceTree = "<group>"; };
		932754231F975270004B62BC /* Info.plist */ = {isa = PBXFileReference; lastKnownFileType = text.plist.xml; path = Info.plist; sourceTree = "<group>"; };
		932754281F975271004B62BC /* FluxOnSwiftTests.xctest */ = {isa = PBXFileReference; explicitFileType = wrapper.cfbundle; includeInIndex = 0; path = FluxOnSwiftTests.xctest; sourceTree = BUILT_PRODUCTS_DIR; };
		9327542C1F975271004B62BC /* FluxOnSwiftTests.swift */ = {isa = PBXFileReference; lastKnownFileType = sourcecode.swift; path = FluxOnSwiftTests.swift; sourceTree = "<group>"; };
		9327542E1F975271004B62BC /* Info.plist */ = {isa = PBXFileReference; lastKnownFileType = text.plist.xml; path = Info.plist; sourceTree = "<group>"; };
/* End PBXFileReference section */

/* Begin PBXFrameworksBuildPhase section */
		932754111F975270004B62BC /* Frameworks */ = {
			isa = PBXFrameworksBuildPhase;
			buildActionMask = 2147483647;
			files = (
			);
			runOnlyForDeploymentPostprocessing = 0;
		};
		932754251F975271004B62BC /* Frameworks */ = {
			isa = PBXFrameworksBuildPhase;
			buildActionMask = 2147483647;
			files = (
			);
			runOnlyForDeploymentPostprocessing = 0;
		};
/* End PBXFrameworksBuildPhase section */

/* Begin PBXGroup section */
		9327540B1F975270004B62BC = {
			isa = PBXGroup;
			children = (
				932754161F975270004B62BC /* FluxOnSwift */,
				9327542B1F975271004B62BC /* FluxOnSwiftTests */,
				932754151F975270004B62BC /* Products */,
			);
			sourceTree = "<group>";
		};
		932754151F975270004B62BC /* Products */ = {
			isa = PBXGroup;
			children = (
				932754141F975270004B62BC /* FluxOnSwift.app */,
				932754281F975271004B62BC /* FluxOnSwiftTests.xctest */,
			);
			name = Products;
			sourceTree = "<group>";
		};
		932754161F975270004B62BC /* FluxOnSwift */ = {
			isa = PBXGroup;
			children = (
				932754171F975270004B62BC /* AppDelegate.swift */,
				932754191F975270004B62BC /* ViewController.swift */,
				9327541B1F975270004B62BC /* Main.storyboard */,
				9327541E1F975270004B62BC /* Assets.xcassets */,
				932754201F975270004B62BC /* LaunchScreen.storyboard */,
				932754231F975270004B62BC /* Info.plist */,
			);
			path = FluxOnSwift;
			sourceTree = "<group>";
		};
		9327542B1F975271004B62BC /* FluxOnSwiftTests */ = {
			isa = PBXGroup;
			children = (
				9327542C1F975271004B62BC /* FluxOnSwiftTests.swift */,
				9327542E1F975271004B62BC /* Info.plist */,
			);
			path = FluxOnSwiftTests;
			sourceTree = "<group>";
		};
/* End PBXGroup section */

/* Begin PBXNativeTarget section */
		932754131F975270004B62BC /* FluxOnSwift */ = {
			isa = PBXNativeTarget;
			buildConfigurationList = 932754311F975271004B62BC /* Build configuration list for PBXNativeTarget "FluxOnSwift" */;
			buildPhases = (
				932754101F975270004B62BC /* Sources */,
				932754111F975270004B62BC /* Frameworks */,
				932754121F975270004B62BC /* Resources */,
			);
			buildRules = (
			);
			dependencies = (
			);
			name = FluxOnSwift;
			productName = FluxOnSwift;
			productReference = 932754141F975270004B62BC /* FluxOnSwift.app */;
			productType = "com.apple.product-type.application";
		};
		932754271F975271004B62BC /* FluxOnSwiftTests */ = {
			isa = PBXNativeTarget;
			buildConfigurationList = 932754341F975271004B62BC /* Build configuration list for PBXNativeTarget "FluxOnSwiftTests" */;
			buildPhases = (
				932754241F975271004B62BC /* Sources */,
				932754251F975271004B62BC /* Frameworks */,
				932754261F975271004B62BC /* Resources */,
			);
			buildRules = (
			);
			dependencies = (
				9327542A1F975271004B62BC /* PBXTargetDependency */,
			);
			name = FluxOnSwiftTests;
			productName = FluxOnSwiftTests;
			productReference = 932754281F975271004B62BC /* FluxOnSwiftTests.xctest */;
			productType = "com.apple.product-type.bundle.unit-test";
		};
/* End PBXNativeTarget section */

/* Begin PBXProject section */
		9327540C1F975270004B62BC /* Project object */ = {
			isa = PBXProject;
			attributes = {
				LastSwiftUpdateCheck = 0900;
				LastUpgradeCheck = 0900;
				ORGANIZATIONNAME = freee;
				TargetAttributes = {
					932754131F975270004B62BC = {
						CreatedOnToolsVersion = 9.0;
						ProvisioningStyle = Automatic;
					};
					932754271F975271004B62BC = {
						CreatedOnToolsVersion = 9.0;
						ProvisioningStyle = Automatic;
						TestTargetID = 932754131F975270004B62BC;
					};
				};
			};
			buildConfigurationList = 9327540F1F975270004B62BC /* Build configuration list for PBXProject "FluxOnSwift" */;
			compatibilityVersion = "Xcode 8.0";
			developmentRegion = en;
			hasScannedForEncodings = 0;
			knownRegions = (
				en,
				Base,
			);
			mainGroup = 9327540B1F975270004B62BC;
			productRefGroup = 932754151F975270004B62BC /* Products */;
			projectDirPath = "";
			projectRoot = "";
			targets = (
				932754131F975270004B62BC /* FluxOnSwift */,
				932754271F975271004B62BC /* FluxOnSwiftTests */,
			);
		};
/* End PBXProject section */

/* Begin PBXResourcesBuildPhase section */
		932754121F975270004B62BC /* Resources */ = {
			isa = PBXResourcesBuildPhase;
			buildActionMask = 2147483647;
			files = (
				932754221F975270004B62BC /* LaunchScreen.storyboard in Resources */,
				9327541F1F975270004B62BC /* Assets.xcassets in Resources */,
				9327541D1F975270004B62BC /* Main.storyboard in Resources */,
			);
			runOnlyForDeploymentPostprocessing = 0;
		};
		932754261F975271004B62BC /* Resources */ = {
			isa = PBXResourcesBuildPhase;
			buildActionMask = 2147483647;
			files = (
			);
			runOnlyForDeploymentPostprocessing = 0;
		};
/* End PBXResourcesBuildPhase section */

/* Begin PBXSourcesBuildPhase section */
		932754101F975270004B62BC /* Sources */ = {
			isa = PBXSourcesBuildPhase;
			buildActionMask = 2147483647;
			files = (
				9327541A1F975270004B62BC /* ViewController.swift in Sources */,
				932754181F975270004B62BC /* AppDelegate.swift in Sources */,
			);
			runOnlyForDeploymentPostprocessing = 0;
		};
		932754241F975271004B62BC /* Sources */ = {
			isa = PBXSourcesBuildPhase;
			buildActionMask = 2147483647;
			files = (
				9327542D1F975271004B62BC /* FluxOnSwiftTests.swift in Sources */,
			);
			runOnlyForDeploymentPostprocessing = 0;
		};
/* End PBXSourcesBuildPhase section */

/* Begin PBXTargetDependency section */
		9327542A1F975271004B62BC /* PBXTargetDependency */ = {
			isa = PBXTargetDependency;
			target = 932754131F975270004B62BC /* FluxOnSwift */;
			targetProxy = 932754291F975271004B62BC /* PBXContainerItemProxy */;
		};
/* End PBXTargetDependency section */

/* Begin PBXVariantGroup section */
		9327541B1F975270004B62BC /* Main.storyboard */ = {
			isa = PBXVariantGroup;
			children = (
				9327541C1F975270004B62BC /* Base */,
			);
			name = Main.storyboard;
			sourceTree = "<group>";
		};
		932754201F975270004B62BC /* LaunchScreen.storyboard */ = {
			isa = PBXVariantGroup;
			children = (
				932754211F975270004B62BC /* Base */,
			);
			name = LaunchScreen.storyboard;
			sourceTree = "<group>";
		};
/* End PBXVariantGroup section */

/* Begin XCBuildConfiguration section */
		9327542F1F975271004B62BC /* Debug */ = {
			isa = XCBuildConfiguration;
			buildSettings = {
				ALWAYS_SEARCH_USER_PATHS = NO;
				CLANG_ANALYZER_NONNULL = YES;
				CLANG_ANALYZER_NUMBER_OBJECT_CONVERSION = YES_AGGRESSIVE;
				CLANG_CXX_LANGUAGE_STANDARD = "gnu++14";
				CLANG_CXX_LIBRARY = "libc++";
				CLANG_ENABLE_MODULES = YES;
				CLANG_ENABLE_OBJC_ARC = YES;
				CLANG_WARN_BLOCK_CAPTURE_AUTORELEASING = YES;
				CLANG_WARN_BOOL_CONVERSION = YES;
				CLANG_WARN_COMMA = YES;
				CLANG_WARN_CONSTANT_CONVERSION = YES;
				CLANG_WARN_DIRECT_OBJC_ISA_USAGE = YES_ERROR;
				CLANG_WARN_DOCUMENTATION_COMMENTS = YES;
				CLANG_WARN_EMPTY_BODY = YES;
				CLANG_WARN_ENUM_CONVERSION = YES;
				CLANG_WARN_INFINITE_RECURSION = YES;
				CLANG_WARN_INT_CONVERSION = YES;
				CLANG_WARN_NON_LITERAL_NULL_CONVERSION = YES;
				CLANG_WARN_OBJC_LITERAL_CONVERSION = YES;
				CLANG_WARN_OBJC_ROOT_CLASS = YES_ERROR;
				CLANG_WARN_RANGE_LOOP_ANALYSIS = YES;
				CLANG_WARN_STRICT_PROTOTYPES = YES;
				CLANG_WARN_SUSPICIOUS_MOVE = YES;
				CLANG_WARN_UNGUARDED_AVAILABILITY = YES_AGGRESSIVE;
				CLANG_WARN_UNREACHABLE_CODE = YES;
				CLANG_WARN__DUPLICATE_METHOD_MATCH = YES;
				CODE_SIGN_IDENTITY = "iPhone Developer";
				COPY_PHASE_STRIP = NO;
				DEBUG_INFORMATION_FORMAT = dwarf;
				ENABLE_STRICT_OBJC_MSGSEND = YES;
				ENABLE_TESTABILITY = YES;
				GCC_C_LANGUAGE_STANDARD = gnu11;
				GCC_DYNAMIC_NO_PIC = NO;
				GCC_NO_COMMON_BLOCKS = YES;
				GCC_OPTIMIZATION_LEVEL = 0;
				GCC_PREPROCESSOR_DEFINITIONS = (
					"DEBUG=1",
					"$(inherited)",
				);
				GCC_WARN_64_TO_32_BIT_CONVERSION = YES;
				GCC_WARN_ABOUT_RETURN_TYPE = YES_ERROR;
				GCC_WARN_UNDECLARED_SELECTOR = YES;
				GCC_WARN_UNINITIALIZED_AUTOS = YES_AGGRESSIVE;
				GCC_WARN_UNUSED_FUNCTION = YES;
				GCC_WARN_UNUSED_VARIABLE = YES;
				IPHONEOS_DEPLOYMENT_TARGET = 11.0;
				MTL_ENABLE_DEBUG_INFO = YES;
				ONLY_ACTIVE_ARCH = YES;
				SDKROOT = iphoneos;
				SWIFT_ACTIVE_COMPILATION_CONDITIONS = DEBUG;
				SWIFT_OPTIMIZATION_LEVEL = "-Onone";
			};
			name = Debug;
		};
		932754301F975271004B62BC /* Release */ = {
			isa = XCBuildConfiguration;
			buildSettings = {
				ALWAYS_SEARCH_USER_PATHS = NO;
				CLANG_ANALYZER_NONNULL = YES;
				CLANG_ANALYZER_NUMBER_OBJECT_CONVERSION = YES_AGGRESSIVE;
				CLANG_CXX_LANGUAGE_STANDARD = "gnu++14";
				CLANG_CXX_LIBRARY = "libc++";
				CLANG_ENABLE_MODULES = YES;
				CLANG_ENABLE_OBJC_ARC = YES;
				CLANG_WARN_BLOCK_CAPTURE_AUTORELEASING = YES;
				CLANG_WARN_BOOL_CONVERSION = YES;
				CLANG_WARN_COMMA = YES;
				CLANG_WARN_CONSTANT_CONVERSION = YES;
				CLANG_WARN_DIRECT_OBJC_ISA_USAGE = YES_ERROR;
				CLANG_WARN_DOCUMENTATION_COMMENTS = YES;
				CLANG_WARN_EMPTY_BODY = YES;
				CLANG_WARN_ENUM_CONVERSION = YES;
				CLANG_WARN_INFINITE_RECURSION = YES;
				CLANG_WARN_INT_CONVERSION = YES;
				CLANG_WARN_NON_LITERAL_NULL_CONVERSION = YES;
				CLANG_WARN_OBJC_LITERAL_CONVERSION = YES;
				CLANG_WARN_OBJC_ROOT_CLASS = YES_ERROR;
				CLANG_WARN_RANGE_LOOP_ANALYSIS = YES;
				CLANG_WARN_STRICT_PROTOTYPES = YES;
				CLANG_WARN_SUSPICIOUS_MOVE = YES;
				CLANG_WARN_UNGUARDED_AVAILABILITY = YES_AGGRESSIVE;
				CLANG_WARN_UNREACHABLE_CODE = YES;
				CLANG_WARN__DUPLICATE_METHOD_MATCH = YES;
				CODE_SIGN_IDENTITY = "iPhone Developer";
				COPY_PHASE_STRIP = NO;
				DEBUG_INFORMATION_FORMAT = "dwarf-with-dsym";
				ENABLE_NS_ASSERTIONS = NO;
				ENABLE_STRICT_OBJC_MSGSEND = YES;
				GCC_C_LANGUAGE_STANDARD = gnu11;
				GCC_NO_COMMON_BLOCKS = YES;
				GCC_WARN_64_TO_32_BIT_CONVERSION = YES;
				GCC_WARN_ABOUT_RETURN_TYPE = YES_ERROR;
				GCC_WARN_UNDECLARED_SELECTOR = YES;
				GCC_WARN_UNINITIALIZED_AUTOS = YES_AGGRESSIVE;
				GCC_WARN_UNUSED_FUNCTION = YES;
				GCC_WARN_UNUSED_VARIABLE = YES;
				IPHONEOS_DEPLOYMENT_TARGET = 11.0;
				MTL_ENABLE_DEBUG_INFO = NO;
				SDKROOT = iphoneos;
				SWIFT_OPTIMIZATION_LEVEL = "-Owholemodule";
				VALIDATE_PRODUCT = YES;
			};
			name = Release;
		};
		932754321F975271004B62BC /* Debug */ = {
			isa = XCBuildConfiguration;
			buildSettings = {
				ASSETCATALOG_COMPILER_APPICON_NAME = AppIcon;
				CODE_SIGN_STYLE = Automatic;
				INFOPLIST_FILE = FluxOnSwift/Info.plist;
				LD_RUNPATH_SEARCH_PATHS = "$(inherited) @executable_path/Frameworks";
				PRODUCT_BUNDLE_IDENTIFIER = jp.co.freee.FluxOnSwift;
				PRODUCT_NAME = "$(TARGET_NAME)";
				SWIFT_VERSION = 4.0;
				TARGETED_DEVICE_FAMILY = "1,2";
			};
			name = Debug;
		};
		932754331F975271004B62BC /* Release */ = {
			isa = XCBuildConfiguration;
			buildSettings = {
				ASSETCATALOG_COMPILER_APPICON_NAME = AppIcon;
				CODE_SIGN_STYLE = Automatic;
				INFOPLIST_FILE = FluxOnSwift/Info.plist;
				LD_RUNPATH_SEARCH_PATHS = "$(inherited) @executable_path/Frameworks";
				PRODUCT_BUNDLE_IDENTIFIER = jp.co.freee.FluxOnSwift;
				PRODUCT_NAME = "$(TARGET_NAME)";
				SWIFT_VERSION = 4.0;
				TARGETED_DEVICE_FAMILY = "1,2";
			};
			name = Release;
		};
		932754351F975271004B62BC /* Debug */ = {
			isa = XCBuildConfiguration;
			buildSettings = {
				ALWAYS_EMBED_SWIFT_STANDARD_LIBRARIES = YES;
				BUNDLE_LOADER = "$(TEST_HOST)";
				CODE_SIGN_STYLE = Automatic;
				INFOPLIST_FILE = FluxOnSwiftTests/Info.plist;
				LD_RUNPATH_SEARCH_PATHS = "$(inherited) @executable_path/Frameworks @loader_path/Frameworks";
				PRODUCT_BUNDLE_IDENTIFIER = jp.co.freee.FluxOnSwiftTests;
				PRODUCT_NAME = "$(TARGET_NAME)";
				SWIFT_VERSION = 4.0;
				TARGETED_DEVICE_FAMILY = "1,2";
				TEST_HOST = "$(BUILT_PRODUCTS_DIR)/FluxOnSwift.app/FluxOnSwift";
			};
			name = Debug;
		};
		932754361F975271004B62BC /* Release */ = {
			isa = XCBuildConfiguration;
			buildSettings = {
				ALWAYS_EMBED_SWIFT_STANDARD_LIBRARIES = YES;
				BUNDLE_LOADER = "$(TEST_HOST)";
				CODE_SIGN_STYLE = Automatic;
				INFOPLIST_FILE = FluxOnSwiftTests/Info.plist;
				LD_RUNPATH_SEARCH_PATHS = "$(inherited) @executable_path/Frameworks @loader_path/Frameworks";
				PRODUCT_BUNDLE_IDENTIFIER = jp.co.freee.FluxOnSwiftTests;
				PRODUCT_NAME = "$(TARGET_NAME)";
				SWIFT_VERSION = 4.0;
				TARGETED_DEVICE_FAMILY = "1,2";
				TEST_HOST = "$(BUILT_PRODUCTS_DIR)/FluxOnSwift.app/FluxOnSwift";
			};
			name = Release;
		};
/* End XCBuildConfiguration section */

/* Begin XCConfigurationList section */
		9327540F1F975270004B62BC /* Build configuration list for PBXProject "FluxOnSwift" */ = {
			isa = XCConfigurationList;
			buildConfigurations = (
				9327542F1F975271004B62BC /* Debug */,
				932754301F975271004B62BC /* Release */,
			);
			defaultConfigurationIsVisible = 0;
			defaultConfigurationName = Release;
		};
		932754311F975271004B62BC /* Build configuration list for PBXNativeTarget "FluxOnSwift" */ = {
			isa = XCConfigurationList;
			buildConfigurations = (
				932754321F975271004B62BC /* Debug */,
				932754331F975271004B62BC /* Release */,
			);
			defaultConfigurationIsVisible = 0;
			defaultConfigurationName = Release;
		};
		932754341F975271004B62BC /* Build configuration list for PBXNativeTarget "FluxOnSwiftTests" */ = {
			isa = XCConfigurationList;
			buildConfigurations = (
				932754351F975271004B62BC /* Debug */,
				932754361F975271004B62BC /* Release */,
			);
			defaultConfigurationIsVisible = 0;
			defaultConfigurationName = Release;
		};
/* End XCConfigurationList section */
	};
	rootObject = 9327540C1F975270004B62BC /* Project object */;
}
